
Microsoft Visual Studio Solution File, Format Version 12.00
# Visual Studio Version 16
VisualStudioVersion = 16.0.32802.440
MinimumVisualStudioVersion = 10.0.40219.1
Project("{8BC9CEB8-8B4A-11D0-8D11-00A0C91BC942}") = "лаб 16(17)", "лаб 16(17)\лаб 16(17).vcxproj", "{CE15F5B3-8D94-42F0-AA75-51C1B034576E}"
EndProject
Project("{8BC9CEB8-8B4A-11D0-8D11-00A0C91BC942}") = "вар 4", "вар 4\вар 4.vcxproj", "{8576DE6D-BFC8-410D-8322-85ADAEB1DEDB}"
EndProject
Project("{8BC9CEB8-8B4A-11D0-8D11-00A0C91BC942}") = "вар 14", "вар 14\вар 14.vcxproj", "{6565EBE2-C487-4442-9E64-12BE61CC1C31}"
EndProject
Project("{8BC9CEB8-8B4A-11D0-8D11-00A0C91BC942}") = "вар 12", "вар 12\вар 12.vcxproj", "{7C477497-09BE-40C7-B971-FE00016341E8}"
EndProject
Global
	GlobalSection(SolutionConfigurationPlatforms) = preSolution
		Debug|x64 = Debug|x64
		Debug|x86 = Debug|x86
		Release|x64 = Release|x64
		Release|x86 = Release|x86
	EndGlobalSection
	GlobalSection(ProjectConfigurationPlatforms) = postSolution
		{CE15F5B3-8D94-42F0-AA75-51C1B034576E}.Debug|x64.ActiveCfg = Debug|x64
		{CE15F5B3-8D94-42F0-AA75-51C1B034576E}.Debug|x64.Build.0 = Debug|x64
		{CE15F5B3-8D94-42F0-AA75-51C1B034576E}.Debug|x86.ActiveCfg = Debug|Win32
		{CE15F5B3-8D94-42F0-AA75-51C1B034576E}.Debug|x86.Build.0 = Debug|Win32
		{CE15F5B3-8D94-42F0-AA75-51C1B034576E}.Release|x64.ActiveCfg = Release|x64
		{CE15F5B3-8D94-42F0-AA75-51C1B034576E}.Release|x64.Build.0 = Release|x64
		{CE15F5B3-8D94-42F0-AA75-51C1B034576E}.Release|x86.ActiveCfg = Release|Win32
		{CE15F5B3-8D94-42F0-AA75-51C1B034576E}.Release|x86.Build.0 = Release|Win32
		{8576DE6D-BFC8-410D-8322-85ADAEB1DEDB}.Debug|x64.ActiveCfg = Debug|x64
		{8576DE6D-BFC8-410D-8322-85ADAEB1DEDB}.Debug|x64.Build.0 = Debug|x64
		{8576DE6D-BFC8-410D-8322-85ADAEB1DEDB}.Debug|x86.ActiveCfg = Debug|Win32
		{8576DE6D-BFC8-410D-8322-85ADAEB1DEDB}.Debug|x86.Build.0 = Debug|Win32
		{8576DE6D-BFC8-410D-8322-85ADAEB1DEDB}.Release|x64.ActiveCfg = Release|x64
		{8576DE6D-BFC8-410D-8322-85ADAEB1DEDB}.Release|x64.Build.0 = Release|x64
		{8576DE6D-BFC8-410D-8322-85ADAEB1DEDB}.Release|x86.ActiveCfg = Release|Win32
		{8576DE6D-BFC8-410D-8322-85ADAEB1DEDB}.Release|x86.Build.0 = Release|Win32
		{6565EBE2-C487-4442-9E64-12BE61CC1C31}.Debug|x64.ActiveCfg = Debug|x64
		{6565EBE2-C487-4442-9E64-12BE61CC1C31}.Debug|x64.Build.0 = Debug|x64
		{6565EBE2-C487-4442-9E64-12BE61CC1C31}.Debug|x86.ActiveCfg = Debug|Win32
		{6565EBE2-C487-4442-9E64-12BE61CC1C31}.Debug|x86.Build.0 = Debug|Win32
		{6565EBE2-C487-4442-9E64-12BE61CC1C31}.Release|x64.ActiveCfg = Release|x64
		{6565EBE2-C487-4442-9E64-12BE61CC1C31}.Release|x64.Build.0 = Release|x64
		{6565EBE2-C487-4442-9E64-12BE61CC1C31}.Release|x86.ActiveCfg = Release|Win32
		{6565EBE2-C487-4442-9E64-12BE61CC1C31}.Release|x86.Build.0 = Release|Win32
		{7C477497-09BE-40C7-B971-FE00016341E8}.Debug|x64.ActiveCfg = Debug|x64
		{7C477497-09BE-40C7-B971-FE00016341E8}.Debug|x64.Build.0 = Debug|x64
		{7C477497-09BE-40C7-B971-FE00016341E8}.Debug|x86.ActiveCfg = Debug|Win32
		{7C477497-09BE-40C7-B971-FE00016341E8}.Debug|x86.Build.0 = Debug|Win32
		{7C477497-09BE-40C7-B971-FE00016341E8}.Release|x64.ActiveCfg = Release|x64
		{7C477497-09BE-40C7-B971-FE00016341E8}.Release|x64.Build.0 = Release|x64
		{7C477497-09BE-40C7-B971-FE00016341E8}.Release|x86.ActiveCfg = Release|Win32
		{7C477497-09BE-40C7-B971-FE00016341E8}.Release|x86.Build.0 = Release|Win32
	EndGlobalSection
	GlobalSection(SolutionProperties) = preSolution
		HideSolutionNode = FALSE
	EndGlobalSection
	GlobalSection(ExtensibilityGlobals) = postSolution
		SolutionGuid = {15BEBC4B-6AA7-4394-871D-AFB6745842C8}
	EndGlobalSection
EndGlobal
