
Microsoft Visual Studio Solution File, Format Version 12.00
# Visual Studio Version 16
VisualStudioVersion = 16.0.32802.440
MinimumVisualStudioVersion = 10.0.40219.1
Project("{8BC9CEB8-8B4A-11D0-8D11-00A0C91BC942}") = "Казанцева 1.2", "Казанцева 1.2\Казанцева 1.2.vcxproj", "{DBA9ABA4-F07E-4014-B883-3497EDBB71EF}"
EndProject
Global
	GlobalSection(SolutionConfigurationPlatforms) = preSolution
		Debug|x64 = Debug|x64
		Debug|x86 = Debug|x86
		Release|x64 = Release|x64
		Release|x86 = Release|x86
	EndGlobalSection
	GlobalSection(ProjectConfigurationPlatforms) = postSolution
		{DBA9ABA4-F07E-4014-B883-3497EDBB71EF}.Debug|x64.ActiveCfg = Debug|x64
		{DBA9ABA4-F07E-4014-B883-3497EDBB71EF}.Debug|x64.Build.0 = Debug|x64
		{DBA9ABA4-F07E-4014-B883-3497EDBB71EF}.Debug|x86.ActiveCfg = Debug|Win32
		{DBA9ABA4-F07E-4014-B883-3497EDBB71EF}.Debug|x86.Build.0 = Debug|Win32
		{DBA9ABA4-F07E-4014-B883-3497EDBB71EF}.Release|x64.ActiveCfg = Release|x64
		{DBA9ABA4-F07E-4014-B883-3497EDBB71EF}.Release|x64.Build.0 = Release|x64
		{DBA9ABA4-F07E-4014-B883-3497EDBB71EF}.Release|x86.ActiveCfg = Release|Win32
		{DBA9ABA4-F07E-4014-B883-3497EDBB71EF}.Release|x86.Build.0 = Release|Win32
	EndGlobalSection
	GlobalSection(SolutionProperties) = preSolution
		HideSolutionNode = FALSE
	EndGlobalSection
	GlobalSection(ExtensibilityGlobals) = postSolution
		SolutionGuid = {3353A2E2-2261-4CF8-A201-882FC1359735}
	EndGlobalSection
EndGlobal
