
Microsoft Visual Studio Solution File, Format Version 12.00
# Visual Studio Version 16
VisualStudioVersion = 16.0.32802.440
MinimumVisualStudioVersion = 10.0.40219.1
Project("{8BC9CEB8-8B4A-11D0-8D11-00A0C91BC942}") = "треугольник лаб 3", "треугольник лаб 3\треугольник лаб 3.vcxproj", "{961D2790-B28B-48C0-8EF5-759CC9724C49}"
EndProject
Project("{8BC9CEB8-8B4A-11D0-8D11-00A0C91BC942}") = "доп 1", "доп 1\доп 1.vcxproj", "{F5F9A58F-DC92-4336-B34A-B5AC092E5217}"
EndProject
Project("{8BC9CEB8-8B4A-11D0-8D11-00A0C91BC942}") = "доп 2", "доп 2\доп 2.vcxproj", "{785F961E-565C-4565-9F67-C0D7DB71B1A1}"
EndProject
Global
	GlobalSection(SolutionConfigurationPlatforms) = preSolution
		Debug|x64 = Debug|x64
		Debug|x86 = Debug|x86
		Release|x64 = Release|x64
		Release|x86 = Release|x86
	EndGlobalSection
	GlobalSection(ProjectConfigurationPlatforms) = postSolution
		{961D2790-B28B-48C0-8EF5-759CC9724C49}.Debug|x64.ActiveCfg = Debug|x64
		{961D2790-B28B-48C0-8EF5-759CC9724C49}.Debug|x64.Build.0 = Debug|x64
		{961D2790-B28B-48C0-8EF5-759CC9724C49}.Debug|x86.ActiveCfg = Debug|Win32
		{961D2790-B28B-48C0-8EF5-759CC9724C49}.Debug|x86.Build.0 = Debug|Win32
		{961D2790-B28B-48C0-8EF5-759CC9724C49}.Release|x64.ActiveCfg = Release|x64
		{961D2790-B28B-48C0-8EF5-759CC9724C49}.Release|x64.Build.0 = Release|x64
		{961D2790-B28B-48C0-8EF5-759CC9724C49}.Release|x86.ActiveCfg = Release|Win32
		{961D2790-B28B-48C0-8EF5-759CC9724C49}.Release|x86.Build.0 = Release|Win32
		{F5F9A58F-DC92-4336-B34A-B5AC092E5217}.Debug|x64.ActiveCfg = Debug|x64
		{F5F9A58F-DC92-4336-B34A-B5AC092E5217}.Debug|x64.Build.0 = Debug|x64
		{F5F9A58F-DC92-4336-B34A-B5AC092E5217}.Debug|x86.ActiveCfg = Debug|Win32
		{F5F9A58F-DC92-4336-B34A-B5AC092E5217}.Debug|x86.Build.0 = Debug|Win32
		{F5F9A58F-DC92-4336-B34A-B5AC092E5217}.Release|x64.ActiveCfg = Release|x64
		{F5F9A58F-DC92-4336-B34A-B5AC092E5217}.Release|x64.Build.0 = Release|x64
		{F5F9A58F-DC92-4336-B34A-B5AC092E5217}.Release|x86.ActiveCfg = Release|Win32
		{F5F9A58F-DC92-4336-B34A-B5AC092E5217}.Release|x86.Build.0 = Release|Win32
		{785F961E-565C-4565-9F67-C0D7DB71B1A1}.Debug|x64.ActiveCfg = Debug|x64
		{785F961E-565C-4565-9F67-C0D7DB71B1A1}.Debug|x64.Build.0 = Debug|x64
		{785F961E-565C-4565-9F67-C0D7DB71B1A1}.Debug|x86.ActiveCfg = Debug|Win32
		{785F961E-565C-4565-9F67-C0D7DB71B1A1}.Debug|x86.Build.0 = Debug|Win32
		{785F961E-565C-4565-9F67-C0D7DB71B1A1}.Release|x64.ActiveCfg = Release|x64
		{785F961E-565C-4565-9F67-C0D7DB71B1A1}.Release|x64.Build.0 = Release|x64
		{785F961E-565C-4565-9F67-C0D7DB71B1A1}.Release|x86.ActiveCfg = Release|Win32
		{785F961E-565C-4565-9F67-C0D7DB71B1A1}.Release|x86.Build.0 = Release|Win32
	EndGlobalSection
	GlobalSection(SolutionProperties) = preSolution
		HideSolutionNode = FALSE
	EndGlobalSection
	GlobalSection(ExtensibilityGlobals) = postSolution
		SolutionGuid = {ED4A3BF8-8AF6-49DE-9616-3FCC5EFAB8C6}
	EndGlobalSection
EndGlobal
