
Microsoft Visual Studio Solution File, Format Version 12.00
# Visual Studio Version 16
VisualStudioVersion = 16.0.32802.440
MinimumVisualStudioVersion = 10.0.40219.1
Project("{8BC9CEB8-8B4A-11D0-8D11-00A0C91BC942}") = "Лаба 7", "Лаба 7\Лаба 7.vcxproj", "{724B9D76-51CD-4705-BB5B-BCC359BDF017}"
EndProject
Project("{8BC9CEB8-8B4A-11D0-8D11-00A0C91BC942}") = "доп 1", "доп 1\доп 1.vcxproj", "{B87BCD2A-C476-4B3C-A2CF-7F0E1D4D5E42}"
EndProject
Global
	GlobalSection(SolutionConfigurationPlatforms) = preSolution
		Debug|x64 = Debug|x64
		Debug|x86 = Debug|x86
		Release|x64 = Release|x64
		Release|x86 = Release|x86
	EndGlobalSection
	GlobalSection(ProjectConfigurationPlatforms) = postSolution
		{724B9D76-51CD-4705-BB5B-BCC359BDF017}.Debug|x64.ActiveCfg = Debug|x64
		{724B9D76-51CD-4705-BB5B-BCC359BDF017}.Debug|x64.Build.0 = Debug|x64
		{724B9D76-51CD-4705-BB5B-BCC359BDF017}.Debug|x86.ActiveCfg = Debug|Win32
		{724B9D76-51CD-4705-BB5B-BCC359BDF017}.Debug|x86.Build.0 = Debug|Win32
		{724B9D76-51CD-4705-BB5B-BCC359BDF017}.Release|x64.ActiveCfg = Release|x64
		{724B9D76-51CD-4705-BB5B-BCC359BDF017}.Release|x64.Build.0 = Release|x64
		{724B9D76-51CD-4705-BB5B-BCC359BDF017}.Release|x86.ActiveCfg = Release|Win32
		{724B9D76-51CD-4705-BB5B-BCC359BDF017}.Release|x86.Build.0 = Release|Win32
		{B87BCD2A-C476-4B3C-A2CF-7F0E1D4D5E42}.Debug|x64.ActiveCfg = Debug|x64
		{B87BCD2A-C476-4B3C-A2CF-7F0E1D4D5E42}.Debug|x64.Build.0 = Debug|x64
		{B87BCD2A-C476-4B3C-A2CF-7F0E1D4D5E42}.Debug|x86.ActiveCfg = Debug|Win32
		{B87BCD2A-C476-4B3C-A2CF-7F0E1D4D5E42}.Debug|x86.Build.0 = Debug|Win32
		{B87BCD2A-C476-4B3C-A2CF-7F0E1D4D5E42}.Release|x64.ActiveCfg = Release|x64
		{B87BCD2A-C476-4B3C-A2CF-7F0E1D4D5E42}.Release|x64.Build.0 = Release|x64
		{B87BCD2A-C476-4B3C-A2CF-7F0E1D4D5E42}.Release|x86.ActiveCfg = Release|Win32
		{B87BCD2A-C476-4B3C-A2CF-7F0E1D4D5E42}.Release|x86.Build.0 = Release|Win32
	EndGlobalSection
	GlobalSection(SolutionProperties) = preSolution
		HideSolutionNode = FALSE
	EndGlobalSection
	GlobalSection(ExtensibilityGlobals) = postSolution
		SolutionGuid = {EB009D99-2EBF-4480-8D1B-A31ACCDBF46C}
	EndGlobalSection
EndGlobal
